
Microsoft Visual Studio Solution File, Format Version 12.00
# Visual Studio Version 17
VisualStudioVersion = 17.7.34031.279
MinimumVisualStudioVersion = 10.0.40219.1
Project("{2150E333-8FDC-42A3-9474-1A3956D46DE8}") = "2 - Domain", "2 - Domain", "{E2DD306A-152F-4F8E-AFC1-0811FBE5F50B}"
EndProject
Project("{2150E333-8FDC-42A3-9474-1A3956D46DE8}") = "1 - Application", "1 - Application", "{4607D323-C767-4257-AD55-8ECFF0E178A8}"
EndProject
Project("{9A19103F-16F7-4668-BE54-9A1E7A4F7556}") = "ShoppingList.Application.Tetsts", "tests\ShoppingList.Application.Tetsts\ShoppingList.Application.Tetsts.csproj", "{CD84FCC5-DD46-4EA4-9B7A-3180C0F4A453}"
EndProject
Project("{9A19103F-16F7-4668-BE54-9A1E7A4F7556}") = "ShoppingList.Application", "src\ShoppingList.Application\ShoppingList.Application.csproj", "{A2B6986F-1A1E-435A-90E2-E1FD0A5B9B53}"
EndProject
Project("{9A19103F-16F7-4668-BE54-9A1E7A4F7556}") = "ShoppingList.Domain", "src\ShoppingList.Domain\ShoppingList.Domain.csproj", "{9A777B27-F9DF-40A9-9341-4602D92E8380}"
EndProject
Global
	GlobalSection(SolutionConfigurationPlatforms) = preSolution
		Debug|Any CPU = Debug|Any CPU
		Release|Any CPU = Release|Any CPU
	EndGlobalSection
	GlobalSection(ProjectConfigurationPlatforms) = postSolution
		{CD84FCC5-DD46-4EA4-9B7A-3180C0F4A453}.Debug|Any CPU.ActiveCfg = Debug|Any CPU
		{CD84FCC5-DD46-4EA4-9B7A-3180C0F4A453}.Debug|Any CPU.Build.0 = Debug|Any CPU
		{CD84FCC5-DD46-4EA4-9B7A-3180C0F4A453}.Release|Any CPU.ActiveCfg = Release|Any CPU
		{CD84FCC5-DD46-4EA4-9B7A-3180C0F4A453}.Release|Any CPU.Build.0 = Release|Any CPU
		{A2B6986F-1A1E-435A-90E2-E1FD0A5B9B53}.Debug|Any CPU.ActiveCfg = Debug|Any CPU
		{A2B6986F-1A1E-435A-90E2-E1FD0A5B9B53}.Debug|Any CPU.Build.0 = Debug|Any CPU
		{A2B6986F-1A1E-435A-90E2-E1FD0A5B9B53}.Release|Any CPU.ActiveCfg = Release|Any CPU
		{A2B6986F-1A1E-435A-90E2-E1FD0A5B9B53}.Release|Any CPU.Build.0 = Release|Any CPU
		{9A777B27-F9DF-40A9-9341-4602D92E8380}.Debug|Any CPU.ActiveCfg = Debug|Any CPU
		{9A777B27-F9DF-40A9-9341-4602D92E8380}.Debug|Any CPU.Build.0 = Debug|Any CPU
		{9A777B27-F9DF-40A9-9341-4602D92E8380}.Release|Any CPU.ActiveCfg = Release|Any CPU
		{9A777B27-F9DF-40A9-9341-4602D92E8380}.Release|Any CPU.Build.0 = Release|Any CPU
	EndGlobalSection
	GlobalSection(SolutionProperties) = preSolution
		HideSolutionNode = FALSE
	EndGlobalSection
	GlobalSection(NestedProjects) = preSolution
		{CD84FCC5-DD46-4EA4-9B7A-3180C0F4A453} = {4607D323-C767-4257-AD55-8ECFF0E178A8}
		{A2B6986F-1A1E-435A-90E2-E1FD0A5B9B53} = {4607D323-C767-4257-AD55-8ECFF0E178A8}
		{9A777B27-F9DF-40A9-9341-4602D92E8380} = {E2DD306A-152F-4F8E-AFC1-0811FBE5F50B}
	EndGlobalSection
	GlobalSection(ExtensibilityGlobals) = postSolution
		SolutionGuid = {E1E5651F-6B64-41FF-86CA-71672290F37B}
	EndGlobalSection
EndGlobal
