
Microsoft Visual Studio Solution File, Format Version 12.00
# Visual Studio Version 17
VisualStudioVersion = 17.7.34031.279
MinimumVisualStudioVersion = 10.0.40219.1
Project("{2150E333-8FDC-42A3-9474-1A3956D46DE8}") = "2 - Domain", "2 - Domain", "{E2DD306A-152F-4F8E-AFC1-0811FBE5F50B}"
EndProject
Project("{9A19103F-16F7-4668-BE54-9A1E7A4F7556}") = "Domain", "src\Domain\Domain.csproj", "{D0670EBE-B757-4DA9-89A7-50AD2714CC1C}"
EndProject
Project("{2150E333-8FDC-42A3-9474-1A3956D46DE8}") = "1 - Application", "1 - Application", "{4607D323-C767-4257-AD55-8ECFF0E178A8}"
EndProject
Project("{9A19103F-16F7-4668-BE54-9A1E7A4F7556}") = "Application", "src\Application\Application.csproj", "{9465B634-C8FF-436A-A9C1-A0FE22F9246D}"
EndProject
Global
	GlobalSection(SolutionConfigurationPlatforms) = preSolution
		Debug|Any CPU = Debug|Any CPU
		Release|Any CPU = Release|Any CPU
	EndGlobalSection
	GlobalSection(ProjectConfigurationPlatforms) = postSolution
		{D0670EBE-B757-4DA9-89A7-50AD2714CC1C}.Debug|Any CPU.ActiveCfg = Debug|Any CPU
		{D0670EBE-B757-4DA9-89A7-50AD2714CC1C}.Debug|Any CPU.Build.0 = Debug|Any CPU
		{D0670EBE-B757-4DA9-89A7-50AD2714CC1C}.Release|Any CPU.ActiveCfg = Release|Any CPU
		{D0670EBE-B757-4DA9-89A7-50AD2714CC1C}.Release|Any CPU.Build.0 = Release|Any CPU
		{9465B634-C8FF-436A-A9C1-A0FE22F9246D}.Debug|Any CPU.ActiveCfg = Debug|Any CPU
		{9465B634-C8FF-436A-A9C1-A0FE22F9246D}.Debug|Any CPU.Build.0 = Debug|Any CPU
		{9465B634-C8FF-436A-A9C1-A0FE22F9246D}.Release|Any CPU.ActiveCfg = Release|Any CPU
		{9465B634-C8FF-436A-A9C1-A0FE22F9246D}.Release|Any CPU.Build.0 = Release|Any CPU
	EndGlobalSection
	GlobalSection(SolutionProperties) = preSolution
		HideSolutionNode = FALSE
	EndGlobalSection
	GlobalSection(NestedProjects) = preSolution
		{D0670EBE-B757-4DA9-89A7-50AD2714CC1C} = {E2DD306A-152F-4F8E-AFC1-0811FBE5F50B}
		{9465B634-C8FF-436A-A9C1-A0FE22F9246D} = {4607D323-C767-4257-AD55-8ECFF0E178A8}
	EndGlobalSection
	GlobalSection(ExtensibilityGlobals) = postSolution
		SolutionGuid = {E1E5651F-6B64-41FF-86CA-71672290F37B}
	EndGlobalSection
EndGlobal
